
Microsoft Visual Studio Solution File, Format Version 12.00
# Visual Studio Version 16
VisualStudioVersion = 16.0.31729.503
MinimumVisualStudioVersion = 10.0.40219.1
Project("{FAE04EC0-301F-11D3-BF4B-00C04F79EFBC}") = "Sliding-Puzzle-Solver_GUI", "Sliding-Puzzle-Solver_GUI.csproj", "{8944FA98-C2BE-44EB-B3BE-E473647EA4A0}"
EndProject
Global
	GlobalSection(SolutionConfigurationPlatforms) = preSolution
		Debug|Any CPU = Debug|Any CPU
		Release|Any CPU = Release|Any CPU
	EndGlobalSection
	GlobalSection(ProjectConfigurationPlatforms) = postSolution
		{8944FA98-C2BE-44EB-B3BE-E473647EA4A0}.Debug|Any CPU.ActiveCfg = Debug|Any CPU
		{8944FA98-C2BE-44EB-B3BE-E473647EA4A0}.Debug|Any CPU.Build.0 = Debug|Any CPU
		{8944FA98-C2BE-44EB-B3BE-E473647EA4A0}.Release|Any CPU.ActiveCfg = Release|Any CPU
		{8944FA98-C2BE-44EB-B3BE-E473647EA4A0}.Release|Any CPU.Build.0 = Release|Any CPU
	EndGlobalSection
	GlobalSection(SolutionProperties) = preSolution
		HideSolutionNode = FALSE
	EndGlobalSection
	GlobalSection(ExtensibilityGlobals) = postSolution
		SolutionGuid = {97DC0823-CF9B-4EEE-A4F1-707AA41F205F}
	EndGlobalSection
EndGlobal
